
Microsoft Visual Studio Solution File, Format Version 12.00
# Visual Studio Version 17
VisualStudioVersion = 17.10.35027.167
MinimumVisualStudioVersion = 10.0.40219.1
Project("{FAE04EC0-301F-11D3-BF4B-00C04F79EFBC}") = "SimpleRaytracer", "SimpleRaytracer.csproj", "{DD79D226-BC27-4A2C-8969-8A862380C462}"
EndProject
Global
	GlobalSection(SolutionConfigurationPlatforms) = preSolution
		Debug|Any CPU = Debug|Any CPU
		Release|Any CPU = Release|Any CPU
	EndGlobalSection
	GlobalSection(ProjectConfigurationPlatforms) = postSolution
		{DD79D226-BC27-4A2C-8969-8A862380C462}.Debug|Any CPU.ActiveCfg = Debug|Any CPU
		{DD79D226-BC27-4A2C-8969-8A862380C462}.Debug|Any CPU.Build.0 = Debug|Any CPU
		{DD79D226-BC27-4A2C-8969-8A862380C462}.Release|Any CPU.ActiveCfg = Release|Any CPU
		{DD79D226-BC27-4A2C-8969-8A862380C462}.Release|Any CPU.Build.0 = Release|Any CPU
	EndGlobalSection
	GlobalSection(SolutionProperties) = preSolution
		HideSolutionNode = FALSE
	EndGlobalSection
	GlobalSection(ExtensibilityGlobals) = postSolution
		SolutionGuid = {6D5123B4-E8BD-403D-9EBF-F76F4F2F6774}
	EndGlobalSection
EndGlobal
